
Microsoft Visual Studio Solution File, Format Version 12.00
# Visual Studio Version 17
VisualStudioVersion = 17.6.33723.286
MinimumVisualStudioVersion = 10.0.40219.1
Project("{8BC9CEB8-8B4A-11D0-8D11-00A0C91BC942}") = "30.09", "30.09.vcxproj", "{FD16C48C-5878-4A73-A666-7E821B496FB6}"
EndProject
Global
	GlobalSection(SolutionConfigurationPlatforms) = preSolution
		Debug|x64 = Debug|x64
		Debug|x86 = Debug|x86
		Release|x64 = Release|x64
		Release|x86 = Release|x86
	EndGlobalSection
	GlobalSection(ProjectConfigurationPlatforms) = postSolution
		{FD16C48C-5878-4A73-A666-7E821B496FB6}.Debug|x64.ActiveCfg = Debug|x64
		{FD16C48C-5878-4A73-A666-7E821B496FB6}.Debug|x64.Build.0 = Debug|x64
		{FD16C48C-5878-4A73-A666-7E821B496FB6}.Debug|x86.ActiveCfg = Debug|Win32
		{FD16C48C-5878-4A73-A666-7E821B496FB6}.Debug|x86.Build.0 = Debug|Win32
		{FD16C48C-5878-4A73-A666-7E821B496FB6}.Release|x64.ActiveCfg = Release|x64
		{FD16C48C-5878-4A73-A666-7E821B496FB6}.Release|x64.Build.0 = Release|x64
		{FD16C48C-5878-4A73-A666-7E821B496FB6}.Release|x86.ActiveCfg = Release|Win32
		{FD16C48C-5878-4A73-A666-7E821B496FB6}.Release|x86.Build.0 = Release|Win32
	EndGlobalSection
	GlobalSection(SolutionProperties) = preSolution
		HideSolutionNode = FALSE
	EndGlobalSection
	GlobalSection(ExtensibilityGlobals) = postSolution
		SolutionGuid = {05C224AA-06F1-45FD-A862-437CAD2ABF9E}
	EndGlobalSection
EndGlobal
